PODS:
  - Flutter (1.0.0)
  - mobile_scanner (7.0.0):
    - Flutter
    - FlutterMacOS
  - NWWebSocket (0.5.10)
  - pusher_channels_flutter (0.0.1):
    - Flutter
    - PusherSwift (~> 10.1.9)
  - PusherSwift (10.1.10):
    - NWWebSocket (~> 0.5.10)
    - PusherTweetNacl (~> 1.2.0)
  - PusherTweetNacl (1.2.0)
  - sqflite_darwin (0.0.4):
    - Flutter
    - FlutterMacOS

DEPENDENCIES:
  - Flutter (from `Flutter`)
  - mobile_scanner (from `.symlinks/plugins/mobile_scanner/darwin`)
  - pusher_channels_flutter (from `.symlinks/plugins/pusher_channels_flutter/ios`)
  - sqflite_darwin (from `.symlinks/plugins/sqflite_darwin/darwin`)

SPEC REPOS:
  trunk:
    - NWWebSocket
    - PusherSwift
    - PusherTweetNacl

EXTERNAL SOURCES:
  Flutter:
    :path: Flutter
  mobile_scanner:
    :path: ".symlinks/plugins/mobile_scanner/darwin"
  pusher_channels_flutter:
    :path: ".symlinks/plugins/pusher_channels_flutter/ios"
  sqflite_darwin:
    :path: ".symlinks/plugins/sqflite_darwin/darwin"

SPEC CHECKSUMS:
  Flutter: cabc95a1d2626b1b06e7179b784ebcf0c0cde467
  mobile_scanner: 9157936403f5a0644ca3779a38ff8404c5434a93
  NWWebSocket: 873eb4b18acd0317da70cdba388d792a3187ce00
  pusher_channels_flutter: 2723222f2686852dd91d13780938d11cca114a39
  PusherSwift: 6022fe6584b4317dc5c177091292b2a4d80a8c35
  PusherTweetNacl: 015f56f2cf010e718703f2bd9bca66fdcc91b208
  sqflite_darwin: 20b2a3a3b70e43edae938624ce550a3cbf66a3d0

PODFILE CHECKSUM: 3c63482e143d1b91d2d2560aee9fb04ecc74ac7e

COCOAPODS: 1.16.2
